{
  "name": "skrypt",
  "version": "1.0.0",
  "lockfileVersion": 3,
  "requires": true,
  "packages": {
    "": {
      "name": "skrypt",
      "version": "1.0.0",
      "dependencies": {
        "@codemirror/commands": "^6.8.1",
        "@codemirror/view": "^6.38.0",
        "@olton/metroui": "^5.1.9",
        "@types/node": "^24.0.13",
        "antlr4ng": "^3.0.16",
        "codemirror": "^6.0.2",
        "codemirror-lang-skrypt": "^1.1.0"
      },
      "devDependencies": {
        "typescript": "^5.8.3",
        "vite": "^7.0.0"
      }
    },
    "node_modules/@codemirror/autocomplete": {
      "version": "6.18.6",
      "license": "MIT",
      "dependencies": {
        "@codemirror/language": "^6.0.0",
        "@codemirror/state": "^6.0.0",
        "@codemirror/view": "^6.17.0",
        "@lezer/common": "^1.0.0"
      }
    },
    "node_modules/@codemirror/commands": {
      "version": "6.8.1",
      "resolved": "https://registry.npmjs.org/@codemirror/commands/-/commands-6.8.1.tgz",
      "integrity": "sha512-KlGVYufHMQzxbdQONiLyGQDUW0itrLZwq3CcY7xpv9ZLRHqzkBSoteocBHtMCoY7/Ci4xhzSrToIeLg7FxHuaw==",
      "license": "MIT",
      "dependencies": {
        "@codemirror/language": "^6.0.0",
        "@codemirror/state": "^6.4.0",
        "@codemirror/view": "^6.27.0",
        "@lezer/common": "^1.1.0"
      }
    },
    "node_modules/@codemirror/language": {
      "version": "6.11.2",
      "license": "MIT",
      "dependencies": {
        "@codemirror/state": "^6.0.0",
        "@codemirror/view": "^6.23.0",
        "@lezer/common": "^1.1.0",
        "@lezer/highlight": "^1.0.0",
        "@lezer/lr": "^1.0.0",
        "style-mod": "^4.0.0"
      }
    },
    "node_modules/@codemirror/lint": {
      "version": "6.8.5",
      "license": "MIT",
      "dependencies": {
        "@codemirror/state": "^6.0.0",
        "@codemirror/view": "^6.35.0",
        "crelt": "^1.0.5"
      }
    },
    "node_modules/@codemirror/search": {
      "version": "6.5.11",
      "license": "MIT",
      "dependencies": {
        "@codemirror/state": "^6.0.0",
        "@codemirror/view": "^6.0.0",
        "crelt": "^1.0.5"
      }
    },
    "node_modules/@codemirror/state": {
      "version": "6.5.2",
      "license": "MIT",
      "dependencies": {
        "@marijn/find-cluster-break": "^1.0.0"
      }
    },
    "node_modules/@codemirror/view": {
      "version": "6.38.0",
      "resolved": "https://registry.npmjs.org/@codemirror/view/-/view-6.38.0.tgz",
      "integrity": "sha512-yvSchUwHOdupXkd7xJ0ob36jdsSR/I+/C+VbY0ffBiL5NiSTEBDfB1ZGWbbIlDd5xgdUkody+lukAdOxYrOBeg==",
      "license": "MIT",
      "dependencies": {
        "@codemirror/state": "^6.5.0",
        "crelt": "^1.0.6",
        "style-mod": "^4.1.0",
        "w3c-keyname": "^2.2.4"
      }
    },
    "node_modules/@esbuild/linux-x64": {
      "version": "0.25.6",
      "cpu": [
        "x64"
      ],
      "dev": true,
      "license": "MIT",
      "optional": true,
      "os": [
        "linux"
      ],
      "engines": {
        "node": ">=18"
      }
    },
    "node_modules/@lezer/common": {
      "version": "1.2.3",
      "license": "MIT"
    },
    "node_modules/@lezer/highlight": {
      "version": "1.2.1",
      "license": "MIT",
      "dependencies": {
        "@lezer/common": "^1.0.0"
      }
    },
    "node_modules/@lezer/lr": {
      "version": "1.4.2",
      "license": "MIT",
      "dependencies": {
        "@lezer/common": "^1.0.0"
      }
    },
    "node_modules/@marijn/find-cluster-break": {
      "version": "1.0.2",
      "license": "MIT"
    },
    "node_modules/@olton/datetime": {
      "version": "3.2.5",
      "license": "MIT"
    },
    "node_modules/@olton/dom": {
      "version": "1.5.1",
      "license": "MIT",
      "dependencies": {
        "web-worker": "^1.5.0"
      }
    },
    "node_modules/@olton/farbe": {
      "version": "1.0.9",
      "funding": [
        {
          "type": "paypal",
          "url": "serhii@pimenov.com.ua"
        },
        {
          "type": "patreon",
          "url": "https://www.patreon.com/metroui"
        },
        {
          "type": "subscription",
          "url": "https://korzh.com/metroui#licensing"
        }
      ],
      "license": "MIT"
    },
    "node_modules/@olton/guardian": {
      "version": "0.7.3",
      "license": "MIT"
    },
    "node_modules/@olton/hooks": {
      "version": "0.13.1",
      "license": "MIT"
    },
    "node_modules/@olton/html": {
      "version": "0.15.1",
      "funding": [
        {
          "type": "paypal",
          "url": "serhii@pimenov.com.ua"
        },
        {
          "type": "patreon",
          "url": "https://www.patreon.com/metroui"
        },
        {
          "type": "subscription",
          "url": "https://korzh.com/metroui#licensing"
        }
      ],
      "license": "MIT"
    },
    "node_modules/@olton/metroui": {
      "version": "5.1.9",
      "license": "MIT",
      "dependencies": {
        "@olton/datetime": "^3.2.5",
        "@olton/dom": "^1.5.1",
        "@olton/farbe": "^1.0.9",
        "@olton/guardian": "^0.7.3",
        "@olton/hooks": "^0.13.1",
        "@olton/html": "^0.15.1",
        "@olton/model": "^0.18.1",
        "@olton/router": "^0.4.1",
        "@olton/string": "^0.10.2"
      },
      "funding": {
        "type": "patreon",
        "url": "https://www.patreon.com/metroui"
      }
    },
    "node_modules/@olton/model": {
      "version": "0.18.1",
      "license": "MIT",
      "funding": {
        "type": "patreon",
        "url": "https://www.patreon.com/metroui"
      }
    },
    "node_modules/@olton/router": {
      "version": "0.4.1",
      "license": "MIT"
    },
    "node_modules/@olton/string": {
      "version": "0.10.2",
      "license": "MIT"
    },
    "node_modules/@rollup/rollup-linux-x64-gnu": {
      "version": "4.44.2",
      "cpu": [
        "x64"
      ],
      "dev": true,
      "license": "MIT",
      "optional": true,
      "os": [
        "linux"
      ]
    },
    "node_modules/@rollup/rollup-linux-x64-musl": {
      "version": "4.44.2",
      "cpu": [
        "x64"
      ],
      "dev": true,
      "license": "MIT",
      "optional": true,
      "os": [
        "linux"
      ]
    },
    "node_modules/@types/estree": {
      "version": "1.0.8",
      "dev": true,
      "license": "MIT"
    },
    "node_modules/@types/node": {
      "version": "24.0.13",
      "resolved": "https://registry.npmjs.org/@types/node/-/node-24.0.13.tgz",
      "integrity": "sha512-Qm9OYVOFHFYg3wJoTSrz80hoec5Lia/dPp84do3X7dZvLikQvM1YpmvTBEdIr/e+U8HTkFjLHLnl78K/qjf+jQ==",
      "license": "MIT",
      "dependencies": {
        "undici-types": "~7.8.0"
      }
    },
    "node_modules/antlr4ng": {
      "version": "3.0.16",
      "resolved": "https://registry.npmjs.org/antlr4ng/-/antlr4ng-3.0.16.tgz",
      "integrity": "sha512-DQuJkC7kX3xunfF4K2KsWTSvoxxslv+FQp/WHQZTJSsH2Ec3QfFmrxC3Nky2ok9yglXn6nHM4zUaVDxcN5f6kA==",
      "license": "BSD-3-Clause"
    },
    "node_modules/codemirror": {
      "version": "6.0.2",
      "license": "MIT",
      "dependencies": {
        "@codemirror/autocomplete": "^6.0.0",
        "@codemirror/commands": "^6.0.0",
        "@codemirror/language": "^6.0.0",
        "@codemirror/lint": "^6.0.0",
        "@codemirror/search": "^6.0.0",
        "@codemirror/state": "^6.0.0",
        "@codemirror/view": "^6.0.0"
      }
    },
    "node_modules/codemirror-lang-skrypt": {
      "version": "1.1.0",
      "resolved": "https://registry.npmjs.org/codemirror-lang-skrypt/-/codemirror-lang-skrypt-1.1.0.tgz",
      "integrity": "sha512-z+F/H11rA3vmVkGKyzoP4v2OwirDLms3DrLPlYHcdJpU7UpGdSWYTHXk9vrfdVF1rLaZOkzUH1Qndt6GLUuRoQ==",
      "license": "MIT",
      "dependencies": {
        "@codemirror/autocomplete": "^6.18.6",
        "@codemirror/language": "^6.11.2",
        "@codemirror/lint": "^6.8.5",
        "@lezer/highlight": "^1.2.1",
        "@lezer/lr": "^1.4.2"
      }
    },
    "node_modules/crelt": {
      "version": "1.0.6",
      "license": "MIT"
    },
    "node_modules/esbuild": {
      "version": "0.25.6",
      "dev": true,
      "hasInstallScript": true,
      "license": "MIT",
      "bin": {
        "esbuild": "bin/esbuild"
      },
      "engines": {
        "node": ">=18"
      },
      "optionalDependencies": {
        "@esbuild/aix-ppc64": "0.25.6",
        "@esbuild/android-arm": "0.25.6",
        "@esbuild/android-arm64": "0.25.6",
        "@esbuild/android-x64": "0.25.6",
        "@esbuild/darwin-arm64": "0.25.6",
        "@esbuild/darwin-x64": "0.25.6",
        "@esbuild/freebsd-arm64": "0.25.6",
        "@esbuild/freebsd-x64": "0.25.6",
        "@esbuild/linux-arm": "0.25.6",
        "@esbuild/linux-arm64": "0.25.6",
        "@esbuild/linux-ia32": "0.25.6",
        "@esbuild/linux-loong64": "0.25.6",
        "@esbuild/linux-mips64el": "0.25.6",
        "@esbuild/linux-ppc64": "0.25.6",
        "@esbuild/linux-riscv64": "0.25.6",
        "@esbuild/linux-s390x": "0.25.6",
        "@esbuild/linux-x64": "0.25.6",
        "@esbuild/netbsd-arm64": "0.25.6",
        "@esbuild/netbsd-x64": "0.25.6",
        "@esbuild/openbsd-arm64": "0.25.6",
        "@esbuild/openbsd-x64": "0.25.6",
        "@esbuild/openharmony-arm64": "0.25.6",
        "@esbuild/sunos-x64": "0.25.6",
        "@esbuild/win32-arm64": "0.25.6",
        "@esbuild/win32-ia32": "0.25.6",
        "@esbuild/win32-x64": "0.25.6"
      }
    },
    "node_modules/fdir": {
      "version": "6.4.6",
      "dev": true,
      "license": "MIT",
      "peerDependencies": {
        "picomatch": "^3 || ^4"
      },
      "peerDependenciesMeta": {
        "picomatch": {
          "optional": true
        }
      }
    },
    "node_modules/nanoid": {
      "version": "3.3.11",
      "dev": true,
      "funding": [
        {
          "type": "github",
          "url": "https://github.com/sponsors/ai"
        }
      ],
      "license": "MIT",
      "bin": {
        "nanoid": "bin/nanoid.cjs"
      },
      "engines": {
        "node": "^10 || ^12 || ^13.7 || ^14 || >=15.0.1"
      }
    },
    "node_modules/picocolors": {
      "version": "1.1.1",
      "dev": true,
      "license": "ISC"
    },
    "node_modules/picomatch": {
      "version": "4.0.2",
      "dev": true,
      "license": "MIT",
      "engines": {
        "node": ">=12"
      },
      "funding": {
        "url": "https://github.com/sponsors/jonschlinkert"
      }
    },
    "node_modules/postcss": {
      "version": "8.5.6",
      "dev": true,
      "funding": [
        {
          "type": "opencollective",
          "url": "https://opencollective.com/postcss/"
        },
        {
          "type": "tidelift",
          "url": "https://tidelift.com/funding/github/npm/postcss"
        },
        {
          "type": "github",
          "url": "https://github.com/sponsors/ai"
        }
      ],
      "license": "MIT",
      "dependencies": {
        "nanoid": "^3.3.11",
        "picocolors": "^1.1.1",
        "source-map-js": "^1.2.1"
      },
      "engines": {
        "node": "^10 || ^12 || >=14"
      }
    },
    "node_modules/rollup": {
      "version": "4.44.2",
      "dev": true,
      "license": "MIT",
      "dependencies": {
        "@types/estree": "1.0.8"
      },
      "bin": {
        "rollup": "dist/bin/rollup"
      },
      "engines": {
        "node": ">=18.0.0",
        "npm": ">=8.0.0"
      },
      "optionalDependencies": {
        "@rollup/rollup-android-arm-eabi": "4.44.2",
        "@rollup/rollup-android-arm64": "4.44.2",
        "@rollup/rollup-darwin-arm64": "4.44.2",
        "@rollup/rollup-darwin-x64": "4.44.2",
        "@rollup/rollup-freebsd-arm64": "4.44.2",
        "@rollup/rollup-freebsd-x64": "4.44.2",
        "@rollup/rollup-linux-arm-gnueabihf": "4.44.2",
        "@rollup/rollup-linux-arm-musleabihf": "4.44.2",
        "@rollup/rollup-linux-arm64-gnu": "4.44.2",
        "@rollup/rollup-linux-arm64-musl": "4.44.2",
        "@rollup/rollup-linux-loongarch64-gnu": "4.44.2",
        "@rollup/rollup-linux-powerpc64le-gnu": "4.44.2",
        "@rollup/rollup-linux-riscv64-gnu": "4.44.2",
        "@rollup/rollup-linux-riscv64-musl": "4.44.2",
        "@rollup/rollup-linux-s390x-gnu": "4.44.2",
        "@rollup/rollup-linux-x64-gnu": "4.44.2",
        "@rollup/rollup-linux-x64-musl": "4.44.2",
        "@rollup/rollup-win32-arm64-msvc": "4.44.2",
        "@rollup/rollup-win32-ia32-msvc": "4.44.2",
        "@rollup/rollup-win32-x64-msvc": "4.44.2",
        "fsevents": "~2.3.2"
      }
    },
    "node_modules/source-map-js": {
      "version": "1.2.1",
      "dev": true,
      "license": "BSD-3-Clause",
      "engines": {
        "node": ">=0.10.0"
      }
    },
    "node_modules/style-mod": {
      "version": "4.1.2",
      "license": "MIT"
    },
    "node_modules/tinyglobby": {
      "version": "0.2.14",
      "dev": true,
      "license": "MIT",
      "dependencies": {
        "fdir": "^6.4.4",
        "picomatch": "^4.0.2"
      },
      "engines": {
        "node": ">=12.0.0"
      },
      "funding": {
        "url": "https://github.com/sponsors/SuperchupuDev"
      }
    },
    "node_modules/typescript": {
      "version": "5.8.3",
      "dev": true,
      "license": "Apache-2.0",
      "bin": {
        "tsc": "bin/tsc",
        "tsserver": "bin/tsserver"
      },
      "engines": {
        "node": ">=14.17"
      }
    },
    "node_modules/undici-types": {
      "version": "7.8.0",
      "resolved": "https://registry.npmjs.org/undici-types/-/undici-types-7.8.0.tgz",
      "integrity": "sha512-9UJ2xGDvQ43tYyVMpuHlsgApydB8ZKfVYTsLDhXkFL/6gfkp+U8xTGdh8pMJv1SpZna0zxG1DwsKZsreLbXBxw==",
      "license": "MIT"
    },
    "node_modules/vite": {
      "version": "7.0.3",
      "dev": true,
      "license": "MIT",
      "dependencies": {
        "esbuild": "^0.25.0",
        "fdir": "^6.4.6",
        "picomatch": "^4.0.2",
        "postcss": "^8.5.6",
        "rollup": "^4.40.0",
        "tinyglobby": "^0.2.14"
      },
      "bin": {
        "vite": "bin/vite.js"
      },
      "engines": {
        "node": "^20.19.0 || >=22.12.0"
      },
      "funding": {
        "url": "https://github.com/vitejs/vite?sponsor=1"
      },
      "optionalDependencies": {
        "fsevents": "~2.3.3"
      },
      "peerDependencies": {
        "@types/node": "^20.19.0 || >=22.12.0",
        "jiti": ">=1.21.0",
        "less": "^4.0.0",
        "lightningcss": "^1.21.0",
        "sass": "^1.70.0",
        "sass-embedded": "^1.70.0",
        "stylus": ">=0.54.8",
        "sugarss": "^5.0.0",
        "terser": "^5.16.0",
        "tsx": "^4.8.1",
        "yaml": "^2.4.2"
      },
      "peerDependenciesMeta": {
        "@types/node": {
          "optional": true
        },
        "jiti": {
          "optional": true
        },
        "less": {
          "optional": true
        },
        "lightningcss": {
          "optional": true
        },
        "sass": {
          "optional": true
        },
        "sass-embedded": {
          "optional": true
        },
        "stylus": {
          "optional": true
        },
        "sugarss": {
          "optional": true
        },
        "terser": {
          "optional": true
        },
        "tsx": {
          "optional": true
        },
        "yaml": {
          "optional": true
        }
      }
    },
    "node_modules/w3c-keyname": {
      "version": "2.2.8",
      "license": "MIT"
    },
    "node_modules/web-worker": {
      "version": "1.5.0",
      "license": "Apache-2.0"
    }
  }
}
